
Microsoft Visual Studio Solution File, Format Version 12.00
# Visual Studio Version 17
VisualStudioVersion = 17.13.35825.156
MinimumVisualStudioVersion = 10.0.40219.1
Project("{2150E333-8FDC-42A3-9474-1A3956D46DE8}") = "src", "src", "{02EA681E-C7D8-13C7-8484-4AC65E1B71E8}"
EndProject
Project("{2150E333-8FDC-42A3-9474-1A3956D46DE8}") = "tests", "tests", "{449834CA-C5C1-4136-A0BD-3D38D43A69B3}"
EndProject
Project("{2150E333-8FDC-42A3-9474-1A3956D46DE8}") = "UI", "UI", "{2D178481-64D3-4B95-ADF3-3C5BD2A1D5EE}"
EndProject
Project("{2150E333-8FDC-42A3-9474-1A3956D46DE8}") = "Core", "Core", "{F24F3C60-6A32-49E3-87B0-E982C6FE3E14}"
EndProject
Project("{2150E333-8FDC-42A3-9474-1A3956D46DE8}") = "Infrastructure", "Infrastructure", "{50466742-769B-4E32-B2EE-5C83184E8810}"
EndProject
Project("{2150E333-8FDC-42A3-9474-1A3956D46DE8}") = "Api", "Api", "{5A067CF0-FE72-4ABE-8B3D-9BC5285EED47}"
EndProject
Project("{FAE04EC0-301F-11D3-BF4B-00C04F79EFBC}") = "HRLeaveManagement.Domain", "HRLeaveManagement.Domain\HRLeaveManagement.Domain.csproj", "{A8CFAE34-F14D-425E-8F92-BD1CB359FF44}"
EndProject
Project("{FAE04EC0-301F-11D3-BF4B-00C04F79EFBC}") = "HRLeaveManagement.Application", "HRLeaveManagement.Application\HRLeaveManagement.Application.csproj", "{B4637798-BC28-4199-B46E-54F81B12917A}"
EndProject
Project("{FAE04EC0-301F-11D3-BF4B-00C04F79EFBC}") = "HRLeaveManagement.Persistence", "HRLeaveManagement.Persistence\HRLeaveManagement.Persistence.csproj", "{52DCA222-8A5A-4B07-925E-70E4F6AA44B3}"
EndProject
Global
	GlobalSection(SolutionConfigurationPlatforms) = preSolution
		Debug|Any CPU = Debug|Any CPU
		Release|Any CPU = Release|Any CPU
	EndGlobalSection
	GlobalSection(ProjectConfigurationPlatforms) = postSolution
		{A8CFAE34-F14D-425E-8F92-BD1CB359FF44}.Debug|Any CPU.ActiveCfg = Debug|Any CPU
		{A8CFAE34-F14D-425E-8F92-BD1CB359FF44}.Debug|Any CPU.Build.0 = Debug|Any CPU
		{A8CFAE34-F14D-425E-8F92-BD1CB359FF44}.Release|Any CPU.ActiveCfg = Release|Any CPU
		{A8CFAE34-F14D-425E-8F92-BD1CB359FF44}.Release|Any CPU.Build.0 = Release|Any CPU
		{B4637798-BC28-4199-B46E-54F81B12917A}.Debug|Any CPU.ActiveCfg = Debug|Any CPU
		{B4637798-BC28-4199-B46E-54F81B12917A}.Debug|Any CPU.Build.0 = Debug|Any CPU
		{B4637798-BC28-4199-B46E-54F81B12917A}.Release|Any CPU.ActiveCfg = Release|Any CPU
		{B4637798-BC28-4199-B46E-54F81B12917A}.Release|Any CPU.Build.0 = Release|Any CPU
		{52DCA222-8A5A-4B07-925E-70E4F6AA44B3}.Debug|Any CPU.ActiveCfg = Debug|Any CPU
		{52DCA222-8A5A-4B07-925E-70E4F6AA44B3}.Debug|Any CPU.Build.0 = Debug|Any CPU
		{52DCA222-8A5A-4B07-925E-70E4F6AA44B3}.Release|Any CPU.ActiveCfg = Release|Any CPU
		{52DCA222-8A5A-4B07-925E-70E4F6AA44B3}.Release|Any CPU.Build.0 = Release|Any CPU
	EndGlobalSection
	GlobalSection(SolutionProperties) = preSolution
		HideSolutionNode = FALSE
	EndGlobalSection
	GlobalSection(NestedProjects) = preSolution
		{2D178481-64D3-4B95-ADF3-3C5BD2A1D5EE} = {02EA681E-C7D8-13C7-8484-4AC65E1B71E8}
		{F24F3C60-6A32-49E3-87B0-E982C6FE3E14} = {02EA681E-C7D8-13C7-8484-4AC65E1B71E8}
		{50466742-769B-4E32-B2EE-5C83184E8810} = {02EA681E-C7D8-13C7-8484-4AC65E1B71E8}
		{5A067CF0-FE72-4ABE-8B3D-9BC5285EED47} = {02EA681E-C7D8-13C7-8484-4AC65E1B71E8}
		{A8CFAE34-F14D-425E-8F92-BD1CB359FF44} = {F24F3C60-6A32-49E3-87B0-E982C6FE3E14}
		{B4637798-BC28-4199-B46E-54F81B12917A} = {F24F3C60-6A32-49E3-87B0-E982C6FE3E14}
		{52DCA222-8A5A-4B07-925E-70E4F6AA44B3} = {50466742-769B-4E32-B2EE-5C83184E8810}
	EndGlobalSection
	GlobalSection(ExtensibilityGlobals) = postSolution
		SolutionGuid = {64822648-E6A3-4CFB-B586-DD4D47FF3A49}
	EndGlobalSection
EndGlobal
